// !$*UTF8*$!
{
	archiveVersion = 1;
	classes = {
	};
	objectVersion = 46;
	objects = {

/* Begin PBXBuildFile section */
		591966301BCFE20D0088FA04 /* WebViewController.swift in Sources */ = {isa = PBXBuildFile; fileRef = 5919662F1BCFE20D0088FA04 /* WebViewController.swift */; };
		59AEAA5D1C1F1946007F351A /* AboutTableViewController.swift in Sources */ = {isa = PBXBuildFile; fileRef = 59AEAA5C1C1F1946007F351A /* AboutTableViewController.swift */; };
		59C721801BCD5BE000CFFD9C /* AudioToolbox.framework in Frameworks */ = {isa = PBXBuildFile; fileRef = 59C7217F1BCD5BE000CFFD9C /* AudioToolbox.framework */; settings = {ATTRIBUTES = (Weak, ); }; };
		59C721821BCD5BEA00CFFD9C /* CFNetwork.framework in Frameworks */ = {isa = PBXBuildFile; fileRef = 59C721811BCD5BEA00CFFD9C /* CFNetwork.framework */; settings = {ATTRIBUTES = (Weak, ); }; };
		59C721841BCD5BF500CFFD9C /* CoreGraphics.framework in Frameworks */ = {isa = PBXBuildFile; fileRef = 59C721831BCD5BF500CFFD9C /* CoreGraphics.framework */; settings = {ATTRIBUTES = (Weak, ); }; };
		59C721861BCD5BFE00CFFD9C /* CoreLocation.framework in Frameworks */ = {isa = PBXBuildFile; fileRef = 59C721851BCD5BFE00CFFD9C /* CoreLocation.framework */; settings = {ATTRIBUTES = (Weak, ); }; };
		59C721881BCD5C0900CFFD9C /* QuartzCore.framework in Frameworks */ = {isa = PBXBuildFile; fileRef = 59C721871BCD5C0900CFFD9C /* QuartzCore.framework */; settings = {ATTRIBUTES = (Weak, ); }; };
		59C7218A1BCD5C1000CFFD9C /* Security.framework in Frameworks */ = {isa = PBXBuildFile; fileRef = 59C721891BCD5C1000CFFD9C /* Security.framework */; settings = {ATTRIBUTES = (Weak, ); }; };
		59C7218C1BCD5C1B00CFFD9C /* StoreKit.framework in Frameworks */ = {isa = PBXBuildFile; fileRef = 59C7218B1BCD5C1B00CFFD9C /* StoreKit.framework */; settings = {ATTRIBUTES = (Weak, ); }; };
		59C7218E1BCD5C2400CFFD9C /* SystemConfiguration.framework in Frameworks */ = {isa = PBXBuildFile; fileRef = 59C7218D1BCD5C2400CFFD9C /* SystemConfiguration.framework */; settings = {ATTRIBUTES = (Weak, ); }; };
		59C721901BCD5C2F00CFFD9C /* Accounts.framework in Frameworks */ = {isa = PBXBuildFile; fileRef = 59C7218F1BCD5C2F00CFFD9C /* Accounts.framework */; settings = {ATTRIBUTES = (Weak, ); }; };
		59C721921BCD5C4400CFFD9C /* libz.tbd in Frameworks */ = {isa = PBXBuildFile; fileRef = 59C721911BCD5C4400CFFD9C /* libz.tbd */; settings = {ATTRIBUTES = (Weak, ); }; };
		59C721941BCD5C4E00CFFD9C /* libsqlite3.tbd in Frameworks */ = {isa = PBXBuildFile; fileRef = 59C721931BCD5C4E00CFFD9C /* libsqlite3.tbd */; settings = {ATTRIBUTES = (Weak, ); }; };
		59C721981BCD5D4E00CFFD9C /* Bolts.framework in Frameworks */ = {isa = PBXBuildFile; fileRef = 59C721961BCD5D4E00CFFD9C /* Bolts.framework */; settings = {ATTRIBUTES = (Required, ); }; };
		59C721991BCD5D4E00CFFD9C /* Parse.framework in Frameworks */ = {isa = PBXBuildFile; fileRef = 59C721971BCD5D4E00CFFD9C /* Parse.framework */; };
		59CE05E31BD2054900F5FDA5 /* NotificationsTableViewController.swift in Sources */ = {isa = PBXBuildFile; fileRef = 59CE05E21BD2054900F5FDA5 /* NotificationsTableViewController.swift */; };
		59CE05E51BD2086E00F5FDA5 /* SwiftNotice.swift in Sources */ = {isa = PBXBuildFile; fileRef = 59CE05E41BD2086E00F5FDA5 /* SwiftNotice.swift */; };
		59F29FE61BCEC46E0037591F /* TableViewController.swift in Sources */ = {isa = PBXBuildFile; fileRef = 59F29FE51BCEC46E0037591F /* TableViewController.swift */; };
		59F29FE81BCEC97A0037591F /* floyd.TTF in Resources */ = {isa = PBXBuildFile; fileRef = 59F29FE71BCEC97A0037591F /* floyd.TTF */; };
		59F423441BCCDC1A00C2A56F /* AppDelegate.swift in Sources */ = {isa = PBXBuildFile; fileRef = 59F423431BCCDC1A00C2A56F /* AppDelegate.swift */; };
		59F423491BCCDC1A00C2A56F /* Main.storyboard in Resources */ = {isa = PBXBuildFile; fileRef = 59F423471BCCDC1A00C2A56F /* Main.storyboard */; };
		59F4234C1BCCDC1A00C2A56F /* LUG.xcdatamodeld in Sources */ = {isa = PBXBuildFile; fileRef = 59F4234A1BCCDC1A00C2A56F /* LUG.xcdatamodeld */; };
		59F4234E1BCCDC1A00C2A56F /* Assets.xcassets in Resources */ = {isa = PBXBuildFile; fileRef = 59F4234D1BCCDC1A00C2A56F /* Assets.xcassets */; };
		59F423511BCCDC1A00C2A56F /* LaunchScreen.storyboard in Resources */ = {isa = PBXBuildFile; fileRef = 59F4234F1BCCDC1A00C2A56F /* LaunchScreen.storyboard */; };
/* End PBXBuildFile section */

/* Begin PBXFileReference section */
		5919662F1BCFE20D0088FA04 /* WebViewController.swift */ = {isa = PBXFileReference; fileEncoding = 4; lastKnownFileType = sourcecode.swift; path = WebViewController.swift; sourceTree = "<group>"; };
		59AEAA5C1C1F1946007F351A /* AboutTableViewController.swift */ = {isa = PBXFileReference; fileEncoding = 4; lastKnownFileType = sourcecode.swift; path = AboutTableViewController.swift; sourceTree = "<group>"; };
		59C7217F1BCD5BE000CFFD9C /* AudioToolbox.framework */ = {isa = PBXFileReference; lastKnownFileType = wrapper.framework; name = AudioToolbox.framework; path = System/Library/Frameworks/AudioToolbox.framework; sourceTree = SDKROOT; };
		59C721811BCD5BEA00CFFD9C /* CFNetwork.framework */ = {isa = PBXFileReference; lastKnownFileType = wrapper.framework; name = CFNetwork.framework; path = System/Library/Frameworks/CFNetwork.framework; sourceTree = SDKROOT; };
		59C721831BCD5BF500CFFD9C /* CoreGraphics.framework */ = {isa = PBXFileReference; lastKnownFileType = wrapper.framework; name = CoreGraphics.framework; path = System/Library/Frameworks/CoreGraphics.framework; sourceTree = SDKROOT; };
		59C721851BCD5BFE00CFFD9C /* CoreLocation.framework */ = {isa = PBXFileReference; lastKnownFileType = wrapper.framework; name = CoreLocation.framework; path = System/Library/Frameworks/CoreLocation.framework; sourceTree = SDKROOT; };
		59C721871BCD5C0900CFFD9C /* QuartzCore.framework */ = {isa = PBXFileReference; lastKnownFileType = wrapper.framework; name = QuartzCore.framework; path = System/Library/Frameworks/QuartzCore.framework; sourceTree = SDKROOT; };
		59C721891BCD5C1000CFFD9C /* Security.framework */ = {isa = PBXFileReference; lastKnownFileType = wrapper.framework; name = Security.framework; path = System/Library/Frameworks/Security.framework; sourceTree = SDKROOT; };
		59C7218B1BCD5C1B00CFFD9C /* StoreKit.framework */ = {isa = PBXFileReference; lastKnownFileType = wrapper.framework; name = StoreKit.framework; path = System/Library/Frameworks/StoreKit.framework; sourceTree = SDKROOT; };
		59C7218D1BCD5C2400CFFD9C /* SystemConfiguration.framework */ = {isa = PBXFileReference; lastKnownFileType = wrapper.framework; name = SystemConfiguration.framework; path = System/Library/Frameworks/SystemConfiguration.framework; sourceTree = SDKROOT; };
		59C7218F1BCD5C2F00CFFD9C /* Accounts.framework */ = {isa = PBXFileReference; lastKnownFileType = wrapper.framework; name = Accounts.framework; path = System/Library/Frameworks/Accounts.framework; sourceTree = SDKROOT; };
		59C721911BCD5C4400CFFD9C /* libz.tbd */ = {isa = PBXFileReference; lastKnownFileType = "sourcecode.text-based-dylib-definition"; name = libz.tbd; path = usr/lib/libz.tbd; sourceTree = SDKROOT; };
		59C721931BCD5C4E00CFFD9C /* libsqlite3.tbd */ = {isa = PBXFileReference; lastKnownFileType = "sourcecode.text-based-dylib-definition"; name = libsqlite3.tbd; path = usr/lib/libsqlite3.tbd; sourceTree = SDKROOT; };
		59C721961BCD5D4E00CFFD9C /* Bolts.framework */ = {isa = PBXFileReference; lastKnownFileType = wrapper.framework; path = Bolts.framework; sourceTree = "<group>"; };
		59C721971BCD5D4E00CFFD9C /* Parse.framework */ = {isa = PBXFileReference; lastKnownFileType = wrapper.framework; path = Parse.framework; sourceTree = "<group>"; };
		59CE05E21BD2054900F5FDA5 /* NotificationsTableViewController.swift */ = {isa = PBXFileReference; fileEncoding = 4; lastKnownFileType = sourcecode.swift; path = NotificationsTableViewController.swift; sourceTree = "<group>"; };
		59CE05E41BD2086E00F5FDA5 /* SwiftNotice.swift */ = {isa = PBXFileReference; fileEncoding = 4; lastKnownFileType = sourcecode.swift; path = SwiftNotice.swift; sourceTree = "<group>"; };
		59F29FE51BCEC46E0037591F /* TableViewController.swift */ = {isa = PBXFileReference; fileEncoding = 4; lastKnownFileType = sourcecode.swift; path = TableViewController.swift; sourceTree = "<group>"; };
		59F29FE71BCEC97A0037591F /* floyd.TTF */ = {isa = PBXFileReference; lastKnownFileType = file; path = floyd.TTF; sourceTree = "<group>"; };
		59F423401BCCDC1A00C2A56F /* LUG.app */ = {isa = PBXFileReference; explicitFileType = wrapper.application; includeInIndex = 0; path = LUG.app; sourceTree = BUILT_PRODUCTS_DIR; };
		59F423431BCCDC1A00C2A56F /* AppDelegate.swift */ = {isa = PBXFileReference; lastKnownFileType = sourcecode.swift; path = AppDelegate.swift; sourceTree = "<group>"; };
		59F423481BCCDC1A00C2A56F /* Base */ = {isa = PBXFileReference; lastKnownFileType = file.storyboard; name = Base; path = Base.lproj/Main.storyboard; sourceTree = "<group>"; };
		59F4234B1BCCDC1A00C2A56F /* LUG.xcdatamodel */ = {isa = PBXFileReference; lastKnownFileType = wrapper.xcdatamodel; path = LUG.xcdatamodel; sourceTree = "<group>"; };
		59F4234D1BCCDC1A00C2A56F /* Assets.xcassets */ = {isa = PBXFileReference; lastKnownFileType = folder.assetcatalog; path = Assets.xcassets; sourceTree = "<group>"; };
		59F423501BCCDC1A00C2A56F /* Base */ = {isa = PBXFileReference; lastKnownFileType = file.storyboard; name = Base; path = Base.lproj/LaunchScreen.storyboard; sourceTree = "<group>"; };
		59F423521BCCDC1A00C2A56F /* Info.plist */ = {isa = PBXFileReference; lastKnownFileType = text.plist.xml; path = Info.plist; sourceTree = "<group>"; };
/* End PBXFileReference section */

/* Begin PBXFrameworksBuildPhase section */
		59F4233D1BCCDC1A00C2A56F /* Frameworks */ = {
			isa = PBXFrameworksBuildPhase;
			buildActionMask = 2147483647;
			files = (
				59C721941BCD5C4E00CFFD9C /* libsqlite3.tbd in Frameworks */,
				59C721921BCD5C4400CFFD9C /* libz.tbd in Frameworks */,
				59C721901BCD5C2F00CFFD9C /* Accounts.framework in Frameworks */,
				59C721981BCD5D4E00CFFD9C /* Bolts.framework in Frameworks */,
				59C7218E1BCD5C2400CFFD9C /* SystemConfiguration.framework in Frameworks */,
				59C7218C1BCD5C1B00CFFD9C /* StoreKit.framework in Frameworks */,
				59C721991BCD5D4E00CFFD9C /* Parse.framework in Frameworks */,
				59C7218A1BCD5C1000CFFD9C /* Security.framework in Frameworks */,
				59C721881BCD5C0900CFFD9C /* QuartzCore.framework in Frameworks */,
				59C721861BCD5BFE00CFFD9C /* CoreLocation.framework in Frameworks */,
				59C721841BCD5BF500CFFD9C /* CoreGraphics.framework in Frameworks */,
				59C721821BCD5BEA00CFFD9C /* CFNetwork.framework in Frameworks */,
				59C721801BCD5BE000CFFD9C /* AudioToolbox.framework in Frameworks */,
			);
			runOnlyForDeploymentPostprocessing = 0;
		};
/* End PBXFrameworksBuildPhase section */

/* Begin PBXGroup section */
		59C721951BCD5C5900CFFD9C /* Frameworks */ = {
			isa = PBXGroup;
			children = (
				59C721961BCD5D4E00CFFD9C /* Bolts.framework */,
				59C721971BCD5D4E00CFFD9C /* Parse.framework */,
				59C721931BCD5C4E00CFFD9C /* libsqlite3.tbd */,
				59C721911BCD5C4400CFFD9C /* libz.tbd */,
				59C7218F1BCD5C2F00CFFD9C /* Accounts.framework */,
				59C7218D1BCD5C2400CFFD9C /* SystemConfiguration.framework */,
				59C7218B1BCD5C1B00CFFD9C /* StoreKit.framework */,
				59C721891BCD5C1000CFFD9C /* Security.framework */,
				59C721871BCD5C0900CFFD9C /* QuartzCore.framework */,
				59C721851BCD5BFE00CFFD9C /* CoreLocation.framework */,
				59C721831BCD5BF500CFFD9C /* CoreGraphics.framework */,
				59C721811BCD5BEA00CFFD9C /* CFNetwork.framework */,
				59C7217F1BCD5BE000CFFD9C /* AudioToolbox.framework */,
			);
			name = Frameworks;
			sourceTree = "<group>";
		};
		59CE05E61BD2087200F5FDA5 /* Libraries */ = {
			isa = PBXGroup;
			children = (
				59CE05E41BD2086E00F5FDA5 /* SwiftNotice.swift */,
			);
			name = Libraries;
			sourceTree = "<group>";
		};
		59F423371BCCDC1A00C2A56F = {
			isa = PBXGroup;
			children = (
				59C721951BCD5C5900CFFD9C /* Frameworks */,
				59F423421BCCDC1A00C2A56F /* LUG */,
				59F423411BCCDC1A00C2A56F /* Products */,
			);
			sourceTree = "<group>";
		};
		59F423411BCCDC1A00C2A56F /* Products */ = {
			isa = PBXGroup;
			children = (
				59F423401BCCDC1A00C2A56F /* LUG.app */,
			);
			name = Products;
			sourceTree = "<group>";
		};
		59F423421BCCDC1A00C2A56F /* LUG */ = {
			isa = PBXGroup;
			children = (
				59F4234D1BCCDC1A00C2A56F /* Assets.xcassets */,
				59F4235A1BCCDC4A00C2A56F /* App Delegate */,
				59F423581BCCDC2800C2A56F /* Views */,
				59F423591BCCDC3B00C2A56F /* Controllers */,
				59CE05E61BD2087200F5FDA5 /* Libraries */,
				59F4235B1BCCDC5600C2A56F /* Other */,
			);
			path = LUG;
			sourceTree = "<group>";
		};
		59F423581BCCDC2800C2A56F /* Views */ = {
			isa = PBXGroup;
			children = (
				59F423471BCCDC1A00C2A56F /* Main.storyboard */,
				59F4234F1BCCDC1A00C2A56F /* LaunchScreen.storyboard */,
			);
			name = Views;
			sourceTree = "<group>";
		};
		59F423591BCCDC3B00C2A56F /* Controllers */ = {
			isa = PBXGroup;
			children = (
				59F29FE51BCEC46E0037591F /* TableViewController.swift */,
				5919662F1BCFE20D0088FA04 /* WebViewController.swift */,
				59CE05E21BD2054900F5FDA5 /* NotificationsTableViewController.swift */,
				59AEAA5C1C1F1946007F351A /* AboutTableViewController.swift */,
			);
			name = Controllers;
			sourceTree = "<group>";
		};
		59F4235A1BCCDC4A00C2A56F /* App Delegate */ = {
			isa = PBXGroup;
			children = (
				59F423431BCCDC1A00C2A56F /* AppDelegate.swift */,
			);
			name = "App Delegate";
			sourceTree = "<group>";
		};
		59F4235B1BCCDC5600C2A56F /* Other */ = {
			isa = PBXGroup;
			children = (
				59F29FE71BCEC97A0037591F /* floyd.TTF */,
				59F423521BCCDC1A00C2A56F /* Info.plist */,
				59F4234A1BCCDC1A00C2A56F /* LUG.xcdatamodeld */,
			);
			name = Other;
			sourceTree = "<group>";
		};
/* End PBXGroup section */

/* Begin PBXNativeTarget section */
		59F4233F1BCCDC1A00C2A56F /* LUG */ = {
			isa = PBXNativeTarget;
			buildConfigurationList = 59F423551BCCDC1A00C2A56F /* Build configuration list for PBXNativeTarget "LUG" */;
			buildPhases = (
				59F4233C1BCCDC1A00C2A56F /* Sources */,
				59F4233D1BCCDC1A00C2A56F /* Frameworks */,
				59F4233E1BCCDC1A00C2A56F /* Resources */,
			);
			buildRules = (
			);
			dependencies = (
			);
			name = LUG;
			productName = LUG;
			productReference = 59F423401BCCDC1A00C2A56F /* LUG.app */;
			productType = "com.apple.product-type.application";
		};
/* End PBXNativeTarget section */

/* Begin PBXProject section */
		59F423381BCCDC1A00C2A56F /* Project object */ = {
			isa = PBXProject;
			attributes = {
				LastUpgradeCheck = 0700;
				ORGANIZATIONNAME = "LUG Manipal";
				TargetAttributes = {
					59F4233F1BCCDC1A00C2A56F = {
						CreatedOnToolsVersion = 7.0.1;
					};
				};
			};
			buildConfigurationList = 59F4233B1BCCDC1A00C2A56F /* Build configuration list for PBXProject "LUG" */;
			compatibilityVersion = "Xcode 3.2";
			developmentRegion = English;
			hasScannedForEncodings = 0;
			knownRegions = (
				en,
				Base,
			);
			mainGroup = 59F423371BCCDC1A00C2A56F;
			productRefGroup = 59F423411BCCDC1A00C2A56F /* Products */;
			projectDirPath = "";
			projectRoot = "";
			targets = (
				59F4233F1BCCDC1A00C2A56F /* LUG */,
			);
		};
/* End PBXProject section */

/* Begin PBXResourcesBuildPhase section */
		59F4233E1BCCDC1A00C2A56F /* Resources */ = {
			isa = PBXResourcesBuildPhase;
			buildActionMask = 2147483647;
			files = (
				59F423511BCCDC1A00C2A56F /* LaunchScreen.storyboard in Resources */,
				59F4234E1BCCDC1A00C2A56F /* Assets.xcassets in Resources */,
				59F423491BCCDC1A00C2A56F /* Main.storyboard in Resources */,
				59F29FE81BCEC97A0037591F /* floyd.TTF in Resources */,
			);
			runOnlyForDeploymentPostprocessing = 0;
		};
/* End PBXResourcesBuildPhase section */

/* Begin PBXSourcesBuildPhase section */
		59F4233C1BCCDC1A00C2A56F /* Sources */ = {
			isa = PBXSourcesBuildPhase;
			buildActionMask = 2147483647;
			files = (
				59F4234C1BCCDC1A00C2A56F /* LUG.xcdatamodeld in Sources */,
				59F29FE61BCEC46E0037591F /* TableViewController.swift in Sources */,
				59CE05E31BD2054900F5FDA5 /* NotificationsTableViewController.swift in Sources */,
				59F423441BCCDC1A00C2A56F /* AppDelegate.swift in Sources */,
				59AEAA5D1C1F1946007F351A /* AboutTableViewController.swift in Sources */,
				59CE05E51BD2086E00F5FDA5 /* SwiftNotice.swift in Sources */,
				591966301BCFE20D0088FA04 /* WebViewController.swift in Sources */,
			);
			runOnlyForDeploymentPostprocessing = 0;
		};
/* End PBXSourcesBuildPhase section */

/* Begin PBXVariantGroup section */
		59F423471BCCDC1A00C2A56F /* Main.storyboard */ = {
			isa = PBXVariantGroup;
			children = (
				59F423481BCCDC1A00C2A56F /* Base */,
			);
			name = Main.storyboard;
			sourceTree = "<group>";
		};
		59F4234F1BCCDC1A00C2A56F /* LaunchScreen.storyboard */ = {
			isa = PBXVariantGroup;
			children = (
				59F423501BCCDC1A00C2A56F /* Base */,
			);
			name = LaunchScreen.storyboard;
			sourceTree = "<group>";
		};
/* End PBXVariantGroup section */

/* Begin XCBuildConfiguration section */
		59F423531BCCDC1A00C2A56F /* Debug */ = {
			isa = XCBuildConfiguration;
			buildSettings = {
				ALWAYS_SEARCH_USER_PATHS = NO;
				CLANG_CXX_LANGUAGE_STANDARD = "gnu++0x";
				CLANG_CXX_LIBRARY = "libc++";
				CLANG_ENABLE_MODULES = YES;
				CLANG_ENABLE_OBJC_ARC = YES;
				CLANG_WARN_BOOL_CONVERSION = YES;
				CLANG_WARN_CONSTANT_CONVERSION = YES;
				CLANG_WARN_DIRECT_OBJC_ISA_USAGE = YES_ERROR;
				CLANG_WARN_EMPTY_BODY = YES;
				CLANG_WARN_ENUM_CONVERSION = YES;
				CLANG_WARN_INT_CONVERSION = YES;
				CLANG_WARN_OBJC_ROOT_CLASS = YES_ERROR;
				CLANG_WARN_UNREACHABLE_CODE = YES;
				CLANG_WARN__DUPLICATE_METHOD_MATCH = YES;
				"CODE_SIGN_IDENTITY[sdk=iphoneos*]" = "iPhone Developer";
				COPY_PHASE_STRIP = NO;
				DEBUG_INFORMATION_FORMAT = dwarf;
				ENABLE_STRICT_OBJC_MSGSEND = YES;
				ENABLE_TESTABILITY = YES;
				GCC_C_LANGUAGE_STANDARD = gnu99;
				GCC_DYNAMIC_NO_PIC = NO;
				GCC_NO_COMMON_BLOCKS = YES;
				GCC_OPTIMIZATION_LEVEL = 0;
				GCC_PREPROCESSOR_DEFINITIONS = (
					"DEBUG=1",
					"$(inherited)",
				);
				GCC_WARN_64_TO_32_BIT_CONVERSION = YES;
				GCC_WARN_ABOUT_RETURN_TYPE = YES_ERROR;
				GCC_WARN_UNDECLARED_SELECTOR = YES;
				GCC_WARN_UNINITIALIZED_AUTOS = YES_AGGRESSIVE;
				GCC_WARN_UNUSED_FUNCTION = YES;
				GCC_WARN_UNUSED_VARIABLE = YES;
				IPHONEOS_DEPLOYMENT_TARGET = 9.0;
				MTL_ENABLE_DEBUG_INFO = YES;
				ONLY_ACTIVE_ARCH = YES;
				SDKROOT = iphoneos;
				SWIFT_OPTIMIZATION_LEVEL = "-Onone";
			};
			name = Debug;
		};
		59F423541BCCDC1A00C2A56F /* Release */ = {
			isa = XCBuildConfiguration;
			buildSettings = {
				ALWAYS_SEARCH_USER_PATHS = NO;
				CLANG_CXX_LANGUAGE_STANDARD = "gnu++0x";
				CLANG_CXX_LIBRARY = "libc++";
				CLANG_ENABLE_MODULES = YES;
				CLANG_ENABLE_OBJC_ARC = YES;
				CLANG_WARN_BOOL_CONVERSION = YES;
				CLANG_WARN_CONSTANT_CONVERSION = YES;
				CLANG_WARN_DIRECT_OBJC_ISA_USAGE = YES_ERROR;
				CLANG_WARN_EMPTY_BODY = YES;
				CLANG_WARN_ENUM_CONVERSION = YES;
				CLANG_WARN_INT_CONVERSION = YES;
				CLANG_WARN_OBJC_ROOT_CLASS = YES_ERROR;
				CLANG_WARN_UNREACHABLE_CODE = YES;
				CLANG_WARN__DUPLICATE_METHOD_MATCH = YES;
				"CODE_SIGN_IDENTITY[sdk=iphoneos*]" = "iPhone Developer";
				COPY_PHASE_STRIP = NO;
				DEBUG_INFORMATION_FORMAT = "dwarf-with-dsym";
				ENABLE_NS_ASSERTIONS = NO;
				ENABLE_STRICT_OBJC_MSGSEND = YES;
				GCC_C_LANGUAGE_STANDARD = gnu99;
				GCC_NO_COMMON_BLOCKS = YES;
				GCC_WARN_64_TO_32_BIT_CONVERSION = YES;
				GCC_WARN_ABOUT_RETURN_TYPE = YES_ERROR;
				GCC_WARN_UNDECLARED_SELECTOR = YES;
				GCC_WARN_UNINITIALIZED_AUTOS = YES_AGGRESSIVE;
				GCC_WARN_UNUSED_FUNCTION = YES;
				GCC_WARN_UNUSED_VARIABLE = YES;
				IPHONEOS_DEPLOYMENT_TARGET = 9.0;
				MTL_ENABLE_DEBUG_INFO = NO;
				SDKROOT = iphoneos;
				VALIDATE_PRODUCT = YES;
			};
			name = Release;
		};
		59F423561BCCDC1A00C2A56F /* Debug */ = {
			isa = XCBuildConfiguration;
			buildSettings = {
				ASSETCATALOG_COMPILER_APPICON_NAME = AppIcon;
				DEPLOYMENT_POSTPROCESSING = NO;
				FRAMEWORK_SEARCH_PATHS = (
					"$(inherited)",
					"$(PROJECT_DIR)",
				);
				INFOPLIST_FILE = LUG/Info.plist;
				IPHONEOS_DEPLOYMENT_TARGET = 8.0;
				LD_RUNPATH_SEARCH_PATHS = "$(inherited) @executable_path/Frameworks";
				PRODUCT_BUNDLE_IDENTIFIER = com.lugmanipal.LUG;
				PRODUCT_NAME = "$(TARGET_NAME)";
				STRIP_INSTALLED_PRODUCT = NO;
			};
			name = Debug;
		};
		59F423571BCCDC1A00C2A56F /* Release */ = {
			isa = XCBuildConfiguration;
			buildSettings = {
				ASSETCATALOG_COMPILER_APPICON_NAME = AppIcon;
				DEPLOYMENT_POSTPROCESSING = NO;
				FRAMEWORK_SEARCH_PATHS = (
					"$(inherited)",
					"$(PROJECT_DIR)",
				);
				INFOPLIST_FILE = LUG/Info.plist;
				IPHONEOS_DEPLOYMENT_TARGET = 8.0;
				LD_RUNPATH_SEARCH_PATHS = "$(inherited) @executable_path/Frameworks";
				PRODUCT_BUNDLE_IDENTIFIER = com.lugmanipal.LUG;
				PRODUCT_NAME = "$(TARGET_NAME)";
				STRIP_INSTALLED_PRODUCT = NO;
			};
			name = Release;
		};
/* End XCBuildConfiguration section */

/* Begin XCConfigurationList section */
		59F4233B1BCCDC1A00C2A56F /* Build configuration list for PBXProject "LUG" */ = {
			isa = XCConfigurationList;
			buildConfigurations = (
				59F423531BCCDC1A00C2A56F /* Debug */,
				59F423541BCCDC1A00C2A56F /* Release */,
			);
			defaultConfigurationIsVisible = 0;
			defaultConfigurationName = Release;
		};
		59F423551BCCDC1A00C2A56F /* Build configuration list for PBXNativeTarget "LUG" */ = {
			isa = XCConfigurationList;
			buildConfigurations = (
				59F423561BCCDC1A00C2A56F /* Debug */,
				59F423571BCCDC1A00C2A56F /* Release */,
			);
			defaultConfigurationIsVisible = 0;
			defaultConfigurationName = Release;
		};
/* End XCConfigurationList section */

/* Begin XCVersionGroup section */
		59F4234A1BCCDC1A00C2A56F /* LUG.xcdatamodeld */ = {
			isa = XCVersionGroup;
			children = (
				59F4234B1BCCDC1A00C2A56F /* LUG.xcdatamodel */,
			);
			currentVersion = 59F4234B1BCCDC1A00C2A56F /* LUG.xcdatamodel */;
			path = LUG.xcdatamodeld;
			sourceTree = "<group>";
			versionGroupType = wrapper.xcdatamodel;
		};
/* End XCVersionGroup section */
	};
	rootObject = 59F423381BCCDC1A00C2A56F /* Project object */;
}
