// !$*UTF8*$!
{
	archiveVersion = 1;
	classes = {
	};
	objectVersion = 46;
	objects = {

/* Begin PBXBuildFile section */
		59F423441BCCDC1A00C2A56F /* AppDelegate.swift in Sources */ = {isa = PBXBuildFile; fileRef = 59F423431BCCDC1A00C2A56F /* AppDelegate.swift */; };
		59F423461BCCDC1A00C2A56F /* ViewController.swift in Sources */ = {isa = PBXBuildFile; fileRef = 59F423451BCCDC1A00C2A56F /* ViewController.swift */; };
		59F423491BCCDC1A00C2A56F /* Main.storyboard in Resources */ = {isa = PBXBuildFile; fileRef = 59F423471BCCDC1A00C2A56F /* Main.storyboard */; };
		59F4234C1BCCDC1A00C2A56F /* LUG.xcdatamodeld in Sources */ = {isa = PBXBuildFile; fileRef = 59F4234A1BCCDC1A00C2A56F /* LUG.xcdatamodeld */; };
		59F4234E1BCCDC1A00C2A56F /* Assets.xcassets in Resources */ = {isa = PBXBuildFile; fileRef = 59F4234D1BCCDC1A00C2A56F /* Assets.xcassets */; };
		59F423511BCCDC1A00C2A56F /* LaunchScreen.storyboard in Resources */ = {isa = PBXBuildFile; fileRef = 59F4234F1BCCDC1A00C2A56F /* LaunchScreen.storyboard */; };
/* End PBXBuildFile section */

/* Begin PBXFileReference section */
		59F423401BCCDC1A00C2A56F /* LUG.app */ = {isa = PBXFileReference; explicitFileType = wrapper.application; includeInIndex = 0; path = LUG.app; sourceTree = BUILT_PRODUCTS_DIR; };
		59F423431BCCDC1A00C2A56F /* AppDelegate.swift */ = {isa = PBXFileReference; lastKnownFileType = sourcecode.swift; path = AppDelegate.swift; sourceTree = "<group>"; };
		59F423451BCCDC1A00C2A56F /* ViewController.swift */ = {isa = PBXFileReference; lastKnownFileType = sourcecode.swift; path = ViewController.swift; sourceTree = "<group>"; };
		59F423481BCCDC1A00C2A56F /* Base */ = {isa = PBXFileReference; lastKnownFileType = file.storyboard; name = Base; path = Base.lproj/Main.storyboard; sourceTree = "<group>"; };
		59F4234B1BCCDC1A00C2A56F /* LUG.xcdatamodel */ = {isa = PBXFileReference; lastKnownFileType = wrapper.xcdatamodel; path = LUG.xcdatamodel; sourceTree = "<group>"; };
		59F4234D1BCCDC1A00C2A56F /* Assets.xcassets */ = {isa = PBXFileReference; lastKnownFileType = folder.assetcatalog; path = Assets.xcassets; sourceTree = "<group>"; };
		59F423501BCCDC1A00C2A56F /* Base */ = {isa = PBXFileReference; lastKnownFileType = file.storyboard; name = Base; path = Base.lproj/LaunchScreen.storyboard; sourceTree = "<group>"; };
		59F423521BCCDC1A00C2A56F /* Info.plist */ = {isa = PBXFileReference; lastKnownFileType = text.plist.xml; path = Info.plist; sourceTree = "<group>"; };
/* End PBXFileReference section */

/* Begin PBXFrameworksBuildPhase section */
		59F4233D1BCCDC1A00C2A56F /* Frameworks */ = {
			isa = PBXFrameworksBuildPhase;
			buildActionMask = 2147483647;
			files = (
			);
			runOnlyForDeploymentPostprocessing = 0;
		};
/* End PBXFrameworksBuildPhase section */

/* Begin PBXGroup section */
		59F423371BCCDC1A00C2A56F = {
			isa = PBXGroup;
			children = (
				59F423421BCCDC1A00C2A56F /* LUG */,
				59F423411BCCDC1A00C2A56F /* Products */,
			);
			sourceTree = "<group>";
		};
		59F423411BCCDC1A00C2A56F /* Products */ = {
			isa = PBXGroup;
			children = (
				59F423401BCCDC1A00C2A56F /* LUG.app */,
			);
			name = Products;
			sourceTree = "<group>";
		};
		59F423421BCCDC1A00C2A56F /* LUG */ = {
			isa = PBXGroup;
			children = (
				59F423431BCCDC1A00C2A56F /* AppDelegate.swift */,
				59F423451BCCDC1A00C2A56F /* ViewController.swift */,
				59F423471BCCDC1A00C2A56F /* Main.storyboard */,
				59F4234D1BCCDC1A00C2A56F /* Assets.xcassets */,
				59F4234F1BCCDC1A00C2A56F /* LaunchScreen.storyboard */,
				59F423521BCCDC1A00C2A56F /* Info.plist */,
				59F4234A1BCCDC1A00C2A56F /* LUG.xcdatamodeld */,
			);
			path = LUG;
			sourceTree = "<group>";
		};
/* End PBXGroup section */

/* Begin PBXNativeTarget section */
		59F4233F1BCCDC1A00C2A56F /* LUG */ = {
			isa = PBXNativeTarget;
			buildConfigurationList = 59F423551BCCDC1A00C2A56F /* Build configuration list for PBXNativeTarget "LUG" */;
			buildPhases = (
				59F4233C1BCCDC1A00C2A56F /* Sources */,
				59F4233D1BCCDC1A00C2A56F /* Frameworks */,
				59F4233E1BCCDC1A00C2A56F /* Resources */,
			);
			buildRules = (
			);
			dependencies = (
			);
			name = LUG;
			productName = LUG;
			productReference = 59F423401BCCDC1A00C2A56F /* LUG.app */;
			productType = "com.apple.product-type.application";
		};
/* End PBXNativeTarget section */

/* Begin PBXProject section */
		59F423381BCCDC1A00C2A56F /* Project object */ = {
			isa = PBXProject;
			attributes = {
				LastUpgradeCheck = 0700;
				ORGANIZATIONNAME = "LUG Manipal";
				TargetAttributes = {
					59F4233F1BCCDC1A00C2A56F = {
						CreatedOnToolsVersion = 7.0.1;
					};
				};
			};
			buildConfigurationList = 59F4233B1BCCDC1A00C2A56F /* Build configuration list for PBXProject "LUG" */;
			compatibilityVersion = "Xcode 3.2";
			developmentRegion = English;
			hasScannedForEncodings = 0;
			knownRegions = (
				en,
				Base,
			);
			mainGroup = 59F423371BCCDC1A00C2A56F;
			productRefGroup = 59F423411BCCDC1A00C2A56F /* Products */;
			projectDirPath = "";
			projectRoot = "";
			targets = (
				59F4233F1BCCDC1A00C2A56F /* LUG */,
			);
		};
/* End PBXProject section */

/* Begin PBXResourcesBuildPhase section */
		59F4233E1BCCDC1A00C2A56F /* Resources */ = {
			isa = PBXResourcesBuildPhase;
			buildActionMask = 2147483647;
			files = (
				59F423511BCCDC1A00C2A56F /* LaunchScreen.storyboard in Resources */,
				59F4234E1BCCDC1A00C2A56F /* Assets.xcassets in Resources */,
				59F423491BCCDC1A00C2A56F /* Main.storyboard in Resources */,
			);
			runOnlyForDeploymentPostprocessing = 0;
		};
/* End PBXResourcesBuildPhase section */

/* Begin PBXSourcesBuildPhase section */
		59F4233C1BCCDC1A00C2A56F /* Sources */ = {
			isa = PBXSourcesBuildPhase;
			buildActionMask = 2147483647;
			files = (
				59F423461BCCDC1A00C2A56F /* ViewController.swift in Sources */,
				59F4234C1BCCDC1A00C2A56F /* LUG.xcdatamodeld in Sources */,
				59F423441BCCDC1A00C2A56F /* AppDelegate.swift in Sources */,
			);
			runOnlyForDeploymentPostprocessing = 0;
		};
/* End PBXSourcesBuildPhase section */

/* Begin PBXVariantGroup section */
		59F423471BCCDC1A00C2A56F /* Main.storyboard */ = {
			isa = PBXVariantGroup;
			children = (
				59F423481BCCDC1A00C2A56F /* Base */,
			);
			name = Main.storyboard;
			sourceTree = "<group>";
		};
		59F4234F1BCCDC1A00C2A56F /* LaunchScreen.storyboard */ = {
			isa = PBXVariantGroup;
			children = (
				59F423501BCCDC1A00C2A56F /* Base */,
			);
			name = LaunchScreen.storyboard;
			sourceTree = "<group>";
		};
/* End PBXVariantGroup section */

/* Begin XCBuildConfiguration section */
		59F423531BCCDC1A00C2A56F /* Debug */ = {
			isa = XCBuildConfiguration;
			buildSettings = {
				ALWAYS_SEARCH_USER_PATHS = NO;
				CLANG_CXX_LANGUAGE_STANDARD = "gnu++0x";
				CLANG_CXX_LIBRARY = "libc++";
				CLANG_ENABLE_MODULES = YES;
				CLANG_ENABLE_OBJC_ARC = YES;
				CLANG_WARN_BOOL_CONVERSION = YES;
				CLANG_WARN_CONSTANT_CONVERSION = YES;
				CLANG_WARN_DIRECT_OBJC_ISA_USAGE = YES_ERROR;
				CLANG_WARN_EMPTY_BODY = YES;
				CLANG_WARN_ENUM_CONVERSION = YES;
				CLANG_WARN_INT_CONVERSION = YES;
				CLANG_WARN_OBJC_ROOT_CLASS = YES_ERROR;
				CLANG_WARN_UNREACHABLE_CODE = YES;
				CLANG_WARN__DUPLICATE_METHOD_MATCH = YES;
				"CODE_SIGN_IDENTITY[sdk=iphoneos*]" = "iPhone Developer";
				COPY_PHASE_STRIP = NO;
				DEBUG_INFORMATION_FORMAT = dwarf;
				ENABLE_STRICT_OBJC_MSGSEND = YES;
				ENABLE_TESTABILITY = YES;
				GCC_C_LANGUAGE_STANDARD = gnu99;
				GCC_DYNAMIC_NO_PIC = NO;
				GCC_NO_COMMON_BLOCKS = YES;
				GCC_OPTIMIZATION_LEVEL = 0;
				GCC_PREPROCESSOR_DEFINITIONS = (
					"DEBUG=1",
					"$(inherited)",
				);
				GCC_WARN_64_TO_32_BIT_CONVERSION = YES;
				GCC_WARN_ABOUT_RETURN_TYPE = YES_ERROR;
				GCC_WARN_UNDECLARED_SELECTOR = YES;
				GCC_WARN_UNINITIALIZED_AUTOS = YES_AGGRESSIVE;
				GCC_WARN_UNUSED_FUNCTION = YES;
				GCC_WARN_UNUSED_VARIABLE = YES;
				IPHONEOS_DEPLOYMENT_TARGET = 9.0;
				MTL_ENABLE_DEBUG_INFO = YES;
				ONLY_ACTIVE_ARCH = YES;
				SDKROOT = iphoneos;
				SWIFT_OPTIMIZATION_LEVEL = "-Onone";
			};
			name = Debug;
		};
		59F423541BCCDC1A00C2A56F /* Release */ = {
			isa = XCBuildConfiguration;
			buildSettings = {
				ALWAYS_SEARCH_USER_PATHS = NO;
				CLANG_CXX_LANGUAGE_STANDARD = "gnu++0x";
				CLANG_CXX_LIBRARY = "libc++";
				CLANG_ENABLE_MODULES = YES;
				CLANG_ENABLE_OBJC_ARC = YES;
				CLANG_WARN_BOOL_CONVERSION = YES;
				CLANG_WARN_CONSTANT_CONVERSION = YES;
				CLANG_WARN_DIRECT_OBJC_ISA_USAGE = YES_ERROR;
				CLANG_WARN_EMPTY_BODY = YES;
				CLANG_WARN_ENUM_CONVERSION = YES;
				CLANG_WARN_INT_CONVERSION = YES;
				CLANG_WARN_OBJC_ROOT_CLASS = YES_ERROR;
				CLANG_WARN_UNREACHABLE_CODE = YES;
				CLANG_WARN__DUPLICATE_METHOD_MATCH = YES;
				"CODE_SIGN_IDENTITY[sdk=iphoneos*]" = "iPhone Developer";
				COPY_PHASE_STRIP = NO;
				DEBUG_INFORMATION_FORMAT = "dwarf-with-dsym";
				ENABLE_NS_ASSERTIONS = NO;
				ENABLE_STRICT_OBJC_MSGSEND = YES;
				GCC_C_LANGUAGE_STANDARD = gnu99;
				GCC_NO_COMMON_BLOCKS = YES;
				GCC_WARN_64_TO_32_BIT_CONVERSION = YES;
				GCC_WARN_ABOUT_RETURN_TYPE = YES_ERROR;
				GCC_WARN_UNDECLARED_SELECTOR = YES;
				GCC_WARN_UNINITIALIZED_AUTOS = YES_AGGRESSIVE;
				GCC_WARN_UNUSED_FUNCTION = YES;
				GCC_WARN_UNUSED_VARIABLE = YES;
				IPHONEOS_DEPLOYMENT_TARGET = 9.0;
				MTL_ENABLE_DEBUG_INFO = NO;
				SDKROOT = iphoneos;
				VALIDATE_PRODUCT = YES;
			};
			name = Release;
		};
		59F423561BCCDC1A00C2A56F /* Debug */ = {
			isa = XCBuildConfiguration;
			buildSettings = {
				ASSETCATALOG_COMPILER_APPICON_NAME = AppIcon;
				INFOPLIST_FILE = LUG/Info.plist;
				LD_RUNPATH_SEARCH_PATHS = "$(inherited) @executable_path/Frameworks";
				PRODUCT_BUNDLE_IDENTIFIER = com.lugmanipal.LUG;
				PRODUCT_NAME = "$(TARGET_NAME)";
			};
			name = Debug;
		};
		59F423571BCCDC1A00C2A56F /* Release */ = {
			isa = XCBuildConfiguration;
			buildSettings = {
				ASSETCATALOG_COMPILER_APPICON_NAME = AppIcon;
				INFOPLIST_FILE = LUG/Info.plist;
				LD_RUNPATH_SEARCH_PATHS = "$(inherited) @executable_path/Frameworks";
				PRODUCT_BUNDLE_IDENTIFIER = com.lugmanipal.LUG;
				PRODUCT_NAME = "$(TARGET_NAME)";
			};
			name = Release;
		};
/* End XCBuildConfiguration section */

/* Begin XCConfigurationList section */
		59F4233B1BCCDC1A00C2A56F /* Build configuration list for PBXProject "LUG" */ = {
			isa = XCConfigurationList;
			buildConfigurations = (
				59F423531BCCDC1A00C2A56F /* Debug */,
				59F423541BCCDC1A00C2A56F /* Release */,
			);
			defaultConfigurationIsVisible = 0;
			defaultConfigurationName = Release;
		};
		59F423551BCCDC1A00C2A56F /* Build configuration list for PBXNativeTarget "LUG" */ = {
			isa = XCConfigurationList;
			buildConfigurations = (
				59F423561BCCDC1A00C2A56F /* Debug */,
				59F423571BCCDC1A00C2A56F /* Release */,
			);
			defaultConfigurationIsVisible = 0;
		};
/* End XCConfigurationList section */

/* Begin XCVersionGroup section */
		59F4234A1BCCDC1A00C2A56F /* LUG.xcdatamodeld */ = {
			isa = XCVersionGroup;
			children = (
				59F4234B1BCCDC1A00C2A56F /* LUG.xcdatamodel */,
			);
			currentVersion = 59F4234B1BCCDC1A00C2A56F /* LUG.xcdatamodel */;
			path = LUG.xcdatamodeld;
			sourceTree = "<group>";
			versionGroupType = wrapper.xcdatamodel;
		};
/* End XCVersionGroup section */
	};
	rootObject = 59F423381BCCDC1A00C2A56F /* Project object */;
}
